dependencies:
  espressif/qrcode:
    component_hash: c7b5970795ae7a647e40ed8c8576a947903c0e68ba86cd59cc772d346ec06238
    source:
      service_url: https://api.components.espressif.com/
      type: service
    version: 0.1.0~1
  espressif__cmake_utilities:
    component_hash: null
    source:
      path: D:\myWorkspace\iot_gateway\components\espressif__cmake_utilities
      type: local
    version: 0.5.3
  espressif__esp_lcd_touch:
    component_hash: null
    source:
      path: D:\myWorkspace\iot_gateway\components\espressif__esp_lcd_touch
      type: local
    version: 1.1.1
  idf:
    component_hash: null
    source:
      type: idf
    version: 5.1.2
manifest_hash: 273574fb4b6c0dfd056fdee481cc8c4b0b158f18b782944e14159213dac5e9cd
target: esp32
version: 1.0.0
